
Microsoft Visual Studio Solution File, Format Version 12.00
# Visual Studio Version 17
VisualStudioVersion = 17.4.33110.190
MinimumVisualStudioVersion = 10.0.40219.1
Project("{FAE04EC0-301F-11D3-BF4B-00C04F79EFBC}") = "Address Book", "Address Book\Address Book.csproj", "{57947C0C-45F9-4BE6-B235-55EE02BF9A2A}"
EndProject
Global
	GlobalSection(SolutionConfigurationPlatforms) = preSolution
		Debug|Any CPU = Debug|Any CPU
		Release|Any CPU = Release|Any CPU
	EndGlobalSection
	GlobalSection(ProjectConfigurationPlatforms) = postSolution
		{57947C0C-45F9-4BE6-B235-55EE02BF9A2A}.Debug|Any CPU.ActiveCfg = Debug|Any CPU
		{57947C0C-45F9-4BE6-B235-55EE02BF9A2A}.Debug|Any CPU.Build.0 = Debug|Any CPU
		{57947C0C-45F9-4BE6-B235-55EE02BF9A2A}.Release|Any CPU.ActiveCfg = Release|Any CPU
		{57947C0C-45F9-4BE6-B235-55EE02BF9A2A}.Release|Any CPU.Build.0 = Release|Any CPU
	EndGlobalSection
	GlobalSection(SolutionProperties) = preSolution
		HideSolutionNode = FALSE
	EndGlobalSection
	GlobalSection(ExtensibilityGlobals) = postSolution
		SolutionGuid = {09BCA95A-B226-4876-B3D4-5CDDA0A42D77}
	EndGlobalSection
EndGlobal
